
Microsoft Visual Studio Solution File, Format Version 12.00
# Visual Studio 15
VisualStudioVersion = 15.0.27130.2024
MinimumVisualStudioVersion = 10.0.40219.1
Project("{FAE04EC0-301F-11D3-BF4B-00C04F79EFBC}") = "EventMaker", "EventMaker\EventMaker.csproj", "{F079070C-2AB2-4375-8052-47819FF8813E}"
EndProject
Project("{FAE04EC0-301F-11D3-BF4B-00C04F79EFBC}") = "EventWebService", "EventWebService\EventWebService.csproj", "{E8CE1CDE-4249-494A-80ED-42AA08A075ED}"
EndProject
Global
	GlobalSection(SolutionConfigurationPlatforms) = preSolution
		Debug|Any CPU = Debug|Any CPU
		Debug|ARM = Debug|ARM
		Debug|x64 = Debug|x64
		Debug|x86 = Debug|x86
		Release|Any CPU = Release|Any CPU
		Release|ARM = Release|ARM
		Release|x64 = Release|x64
		Release|x86 = Release|x86
	EndGlobalSection
	GlobalSection(ProjectConfigurationPlatforms) = postSolution
		{F079070C-2AB2-4375-8052-47819FF8813E}.Debug|Any CPU.ActiveCfg = Debug|x86
		{F079070C-2AB2-4375-8052-47819FF8813E}.Debug|ARM.ActiveCfg = Debug|ARM
		{F079070C-2AB2-4375-8052-47819FF8813E}.Debug|ARM.Build.0 = Debug|ARM
		{F079070C-2AB2-4375-8052-47819FF8813E}.Debug|ARM.Deploy.0 = Debug|ARM
		{F079070C-2AB2-4375-8052-47819FF8813E}.Debug|x64.ActiveCfg = Debug|x64
		{F079070C-2AB2-4375-8052-47819FF8813E}.Debug|x64.Build.0 = Debug|x64
		{F079070C-2AB2-4375-8052-47819FF8813E}.Debug|x64.Deploy.0 = Debug|x64
		{F079070C-2AB2-4375-8052-47819FF8813E}.Debug|x86.ActiveCfg = Debug|x86
		{F079070C-2AB2-4375-8052-47819FF8813E}.Debug|x86.Build.0 = Debug|x86
		{F079070C-2AB2-4375-8052-47819FF8813E}.Debug|x86.Deploy.0 = Debug|x86
		{F079070C-2AB2-4375-8052-47819FF8813E}.Release|Any CPU.ActiveCfg = Release|x86
		{F079070C-2AB2-4375-8052-47819FF8813E}.Release|ARM.ActiveCfg = Release|ARM
		{F079070C-2AB2-4375-8052-47819FF8813E}.Release|ARM.Build.0 = Release|ARM
		{F079070C-2AB2-4375-8052-47819FF8813E}.Release|ARM.Deploy.0 = Release|ARM
		{F079070C-2AB2-4375-8052-47819FF8813E}.Release|x64.ActiveCfg = Release|x64
		{F079070C-2AB2-4375-8052-47819FF8813E}.Release|x64.Build.0 = Release|x64
		{F079070C-2AB2-4375-8052-47819FF8813E}.Release|x64.Deploy.0 = Release|x64
		{F079070C-2AB2-4375-8052-47819FF8813E}.Release|x86.ActiveCfg = Release|x86
		{F079070C-2AB2-4375-8052-47819FF8813E}.Release|x86.Build.0 = Release|x86
		{F079070C-2AB2-4375-8052-47819FF8813E}.Release|x86.Deploy.0 = Release|x86
		{E8CE1CDE-4249-494A-80ED-42AA08A075ED}.Debug|Any CPU.ActiveCfg = Debug|Any CPU
		{E8CE1CDE-4249-494A-80ED-42AA08A075ED}.Debug|Any CPU.Build.0 = Debug|Any CPU
		{E8CE1CDE-4249-494A-80ED-42AA08A075ED}.Debug|ARM.ActiveCfg = Debug|Any CPU
		{E8CE1CDE-4249-494A-80ED-42AA08A075ED}.Debug|ARM.Build.0 = Debug|Any CPU
		{E8CE1CDE-4249-494A-80ED-42AA08A075ED}.Debug|x64.ActiveCfg = Debug|Any CPU
		{E8CE1CDE-4249-494A-80ED-42AA08A075ED}.Debug|x64.Build.0 = Debug|Any CPU
		{E8CE1CDE-4249-494A-80ED-42AA08A075ED}.Debug|x86.ActiveCfg = Debug|Any CPU
		{E8CE1CDE-4249-494A-80ED-42AA08A075ED}.Debug|x86.Build.0 = Debug|Any CPU
		{E8CE1CDE-4249-494A-80ED-42AA08A075ED}.Release|Any CPU.ActiveCfg = Release|Any CPU
		{E8CE1CDE-4249-494A-80ED-42AA08A075ED}.Release|Any CPU.Build.0 = Release|Any CPU
		{E8CE1CDE-4249-494A-80ED-42AA08A075ED}.Release|ARM.ActiveCfg = Release|Any CPU
		{E8CE1CDE-4249-494A-80ED-42AA08A075ED}.Release|ARM.Build.0 = Release|Any CPU
		{E8CE1CDE-4249-494A-80ED-42AA08A075ED}.Release|x64.ActiveCfg = Release|Any CPU
		{E8CE1CDE-4249-494A-80ED-42AA08A075ED}.Release|x64.Build.0 = Release|Any CPU
		{E8CE1CDE-4249-494A-80ED-42AA08A075ED}.Release|x86.ActiveCfg = Release|Any CPU
		{E8CE1CDE-4249-494A-80ED-42AA08A075ED}.Release|x86.Build.0 = Release|Any CPU
	EndGlobalSection
	GlobalSection(SolutionProperties) = preSolution
		HideSolutionNode = FALSE
	EndGlobalSection
	GlobalSection(ExtensibilityGlobals) = postSolution
		SolutionGuid = {8CC4A354-554E-46F3-AB54-75C17C974E4A}
	EndGlobalSection
EndGlobal
